
Microsoft Visual Studio Solution File, Format Version 12.00
# Visual Studio Version 17
VisualStudioVersion = 17.13.35806.99
MinimumVisualStudioVersion = 10.0.40219.1
Project("{FAE04EC0-301F-11D3-BF4B-00C04F79EFBC}") = "C#AssignmentApp", "C#AssignmentApp.csproj", "{6901C128-B8F4-4735-A7FA-B13CDE141949}"
EndProject
Project("{FAE04EC0-301F-11D3-BF4B-00C04F79EFBC}") = "OopsAssignmentApp", "..\OopsAssignmentApp\OopsAssignmentApp.csproj", "{36085EB8-59B3-4865-9CBD-C2B799241D82}"
EndProject
Project("{00D1A9C2-B5F0-4AF3-8072-F6C62B433612}") = "SQLAssignment", "..\SQLAssignment\SQLAssignment.sqlproj", "{B105708A-9AC9-4898-87F1-58832D37DA13}"
EndProject
Project("{FAE04EC0-301F-11D3-BF4B-00C04F79EFBC}") = "LinqAssignment", "..\LinqAssignment\LinqAssignment.csproj", "{D0979ADF-296E-4567-A55A-755BA55A062A}"
EndProject
Global
	GlobalSection(SolutionConfigurationPlatforms) = preSolution
		Debug|Any CPU = Debug|Any CPU
		Release|Any CPU = Release|Any CPU
	EndGlobalSection
	GlobalSection(ProjectConfigurationPlatforms) = postSolution
		{6901C128-B8F4-4735-A7FA-B13CDE141949}.Debug|Any CPU.ActiveCfg = Debug|Any CPU
		{6901C128-B8F4-4735-A7FA-B13CDE141949}.Debug|Any CPU.Build.0 = Debug|Any CPU
		{6901C128-B8F4-4735-A7FA-B13CDE141949}.Release|Any CPU.ActiveCfg = Release|Any CPU
		{6901C128-B8F4-4735-A7FA-B13CDE141949}.Release|Any CPU.Build.0 = Release|Any CPU
		{36085EB8-59B3-4865-9CBD-C2B799241D82}.Debug|Any CPU.ActiveCfg = Debug|Any CPU
		{36085EB8-59B3-4865-9CBD-C2B799241D82}.Debug|Any CPU.Build.0 = Debug|Any CPU
		{36085EB8-59B3-4865-9CBD-C2B799241D82}.Release|Any CPU.ActiveCfg = Release|Any CPU
		{36085EB8-59B3-4865-9CBD-C2B799241D82}.Release|Any CPU.Build.0 = Release|Any CPU
		{B105708A-9AC9-4898-87F1-58832D37DA13}.Debug|Any CPU.ActiveCfg = Debug|Any CPU
		{B105708A-9AC9-4898-87F1-58832D37DA13}.Debug|Any CPU.Build.0 = Debug|Any CPU
		{B105708A-9AC9-4898-87F1-58832D37DA13}.Debug|Any CPU.Deploy.0 = Debug|Any CPU
		{B105708A-9AC9-4898-87F1-58832D37DA13}.Release|Any CPU.ActiveCfg = Release|Any CPU
		{B105708A-9AC9-4898-87F1-58832D37DA13}.Release|Any CPU.Build.0 = Release|Any CPU
		{B105708A-9AC9-4898-87F1-58832D37DA13}.Release|Any CPU.Deploy.0 = Release|Any CPU
		{D0979ADF-296E-4567-A55A-755BA55A062A}.Debug|Any CPU.ActiveCfg = Debug|Any CPU
		{D0979ADF-296E-4567-A55A-755BA55A062A}.Debug|Any CPU.Build.0 = Debug|Any CPU
		{D0979ADF-296E-4567-A55A-755BA55A062A}.Release|Any CPU.ActiveCfg = Release|Any CPU
		{D0979ADF-296E-4567-A55A-755BA55A062A}.Release|Any CPU.Build.0 = Release|Any CPU
	EndGlobalSection
	GlobalSection(SolutionProperties) = preSolution
		HideSolutionNode = FALSE
	EndGlobalSection
	GlobalSection(ExtensibilityGlobals) = postSolution
		SolutionGuid = {9785A30A-81C9-4345-A4B2-686353DB55BB}
	EndGlobalSection
EndGlobal
