
Microsoft Visual Studio Solution File, Format Version 12.00
# Visual Studio Version 17
VisualStudioVersion = 17.13.35806.99 d17.13
MinimumVisualStudioVersion = 10.0.40219.1
Project("{FAE04EC0-301F-11D3-BF4B-00C04F79EFBC}") = "SingleInheritanceApp", "SingleInheritanceApp\SingleInheritanceApp.csproj", "{5CD1CE18-3F86-42F1-8481-51937977EEC0}"
EndProject
Project("{FAE04EC0-301F-11D3-BF4B-00C04F79EFBC}") = "MultilevelInheritanceExpl", "MultilevelInheritanceExpl\MultilevelInheritanceExpl.csproj", "{AE140A81-785A-4740-885E-03331879160A}"
EndProject
Project("{FAE04EC0-301F-11D3-BF4B-00C04F79EFBC}") = "HierarchicalInheritanceExpl", "HierarchicalInheritanceExpl\HierarchicalInheritanceExpl.csproj", "{C6830C1B-A7C7-4515-9292-219E9CA8B195}"
EndProject
Project("{FAE04EC0-301F-11D3-BF4B-00C04F79EFBC}") = "StaticOrCompileTimePolymorphism", "StaticOrCompileTimePolymorphism\StaticOrCompileTimePolymorphism.csproj", "{C5DCB39E-F1C3-4076-B826-BA291F5CB952}"
EndProject
Project("{FAE04EC0-301F-11D3-BF4B-00C04F79EFBC}") = "DynamicOrRuntimePolymorphism", "DynamicOrRuntimePolymorphism\DynamicOrRuntimePolymorphism.csproj", "{FC30A0CD-8FD8-4279-957C-BACB2102A8ED}"
EndProject
Global
	GlobalSection(SolutionConfigurationPlatforms) = preSolution
		Debug|Any CPU = Debug|Any CPU
		Release|Any CPU = Release|Any CPU
	EndGlobalSection
	GlobalSection(ProjectConfigurationPlatforms) = postSolution
		{5CD1CE18-3F86-42F1-8481-51937977EEC0}.Debug|Any CPU.ActiveCfg = Debug|Any CPU
		{5CD1CE18-3F86-42F1-8481-51937977EEC0}.Debug|Any CPU.Build.0 = Debug|Any CPU
		{5CD1CE18-3F86-42F1-8481-51937977EEC0}.Release|Any CPU.ActiveCfg = Release|Any CPU
		{5CD1CE18-3F86-42F1-8481-51937977EEC0}.Release|Any CPU.Build.0 = Release|Any CPU
		{AE140A81-785A-4740-885E-03331879160A}.Debug|Any CPU.ActiveCfg = Debug|Any CPU
		{AE140A81-785A-4740-885E-03331879160A}.Debug|Any CPU.Build.0 = Debug|Any CPU
		{AE140A81-785A-4740-885E-03331879160A}.Release|Any CPU.ActiveCfg = Release|Any CPU
		{AE140A81-785A-4740-885E-03331879160A}.Release|Any CPU.Build.0 = Release|Any CPU
		{C6830C1B-A7C7-4515-9292-219E9CA8B195}.Debug|Any CPU.ActiveCfg = Debug|Any CPU
		{C6830C1B-A7C7-4515-9292-219E9CA8B195}.Debug|Any CPU.Build.0 = Debug|Any CPU
		{C6830C1B-A7C7-4515-9292-219E9CA8B195}.Release|Any CPU.ActiveCfg = Release|Any CPU
		{C6830C1B-A7C7-4515-9292-219E9CA8B195}.Release|Any CPU.Build.0 = Release|Any CPU
		{C5DCB39E-F1C3-4076-B826-BA291F5CB952}.Debug|Any CPU.ActiveCfg = Debug|Any CPU
		{C5DCB39E-F1C3-4076-B826-BA291F5CB952}.Debug|Any CPU.Build.0 = Debug|Any CPU
		{C5DCB39E-F1C3-4076-B826-BA291F5CB952}.Release|Any CPU.ActiveCfg = Release|Any CPU
		{C5DCB39E-F1C3-4076-B826-BA291F5CB952}.Release|Any CPU.Build.0 = Release|Any CPU
		{FC30A0CD-8FD8-4279-957C-BACB2102A8ED}.Debug|Any CPU.ActiveCfg = Debug|Any CPU
		{FC30A0CD-8FD8-4279-957C-BACB2102A8ED}.Debug|Any CPU.Build.0 = Debug|Any CPU
		{FC30A0CD-8FD8-4279-957C-BACB2102A8ED}.Release|Any CPU.ActiveCfg = Release|Any CPU
		{FC30A0CD-8FD8-4279-957C-BACB2102A8ED}.Release|Any CPU.Build.0 = Release|Any CPU
	EndGlobalSection
	GlobalSection(SolutionProperties) = preSolution
		HideSolutionNode = FALSE
	EndGlobalSection
	GlobalSection(ExtensibilityGlobals) = postSolution
		SolutionGuid = {56292F2B-04EF-4CDF-BD7A-20D61C66CEDA}
	EndGlobalSection
EndGlobal
